
Microsoft Visual Studio Solution File, Format Version 12.00
# Visual Studio Version 17
VisualStudioVersion = 17.3.32901.215
MinimumVisualStudioVersion = 10.0.40219.1
Project("{FAE04EC0-301F-11D3-BF4B-00C04F79EFBC}") = "HospitalManagementSystem", "HospitalManagementSystem\HospitalManagementSystem.csproj", "{CF90071C-2D62-4022-8335-2F57129EC31B}"
EndProject
Global
	GlobalSection(SolutionConfigurationPlatforms) = preSolution
		Debug|Any CPU = Debug|Any CPU
		Release|Any CPU = Release|Any CPU
	EndGlobalSection
	GlobalSection(ProjectConfigurationPlatforms) = postSolution
		{CF90071C-2D62-4022-8335-2F57129EC31B}.Debug|Any CPU.ActiveCfg = Debug|Any CPU
		{CF90071C-2D62-4022-8335-2F57129EC31B}.Debug|Any CPU.Build.0 = Debug|Any CPU
		{CF90071C-2D62-4022-8335-2F57129EC31B}.Release|Any CPU.ActiveCfg = Release|Any CPU
		{CF90071C-2D62-4022-8335-2F57129EC31B}.Release|Any CPU.Build.0 = Release|Any CPU
	EndGlobalSection
	GlobalSection(SolutionProperties) = preSolution
		HideSolutionNode = FALSE
	EndGlobalSection
	GlobalSection(ExtensibilityGlobals) = postSolution
		SolutionGuid = {AB8835EF-A157-4B99-8622-A5934AFECEA9}
	EndGlobalSection
EndGlobal
